// !$*UTF8*$!
{
	archiveVersion = 1;
	classes = {
	};
	objectVersion = 55;
	objects = {

/* Begin PBXBuildFile section */
		8B4B22C628A0549B001C3E7C /* LandmarksApp.swift in Sources */ = {isa = PBXBuildFile; fileRef = 8B4B22C528A0549B001C3E7C /* LandmarksApp.swift */; };
		8B4B22C828A0549B001C3E7C /* ContentView.swift in Sources */ = {isa = PBXBuildFile; fileRef = 8B4B22C728A0549B001C3E7C /* ContentView.swift */; };
		8B4B22CA28A054A2001C3E7C /* Assets.xcassets in Resources */ = {isa = PBXBuildFile; fileRef = 8B4B22C928A054A2001C3E7C /* Assets.xcassets */; };
		8B4B22CD28A054A2001C3E7C /* Preview Assets.xcassets in Resources */ = {isa = PBXBuildFile; fileRef = 8B4B22CC28A054A2001C3E7C /* Preview Assets.xcassets */; };
		8B4B22D428A057FD001C3E7C /* CircleImage.swift in Sources */ = {isa = PBXBuildFile; fileRef = 8B4B22D328A057FD001C3E7C /* CircleImage.swift */; };
		8B4B22D628A058BA001C3E7C /* MapView.swift in Sources */ = {isa = PBXBuildFile; fileRef = 8B4B22D528A058BA001C3E7C /* MapView.swift */; };
		8B4B22D828A05CE9001C3E7C /* landmarkData.json in Resources */ = {isa = PBXBuildFile; fileRef = 8B4B22D728A05CE9001C3E7C /* landmarkData.json */; };
		8B4B22DA28A05CFF001C3E7C /* Landmark.swift in Sources */ = {isa = PBXBuildFile; fileRef = 8B4B22D928A05CFF001C3E7C /* Landmark.swift */; };
		8B4B22DC28A05E2D001C3E7C /* ModelData.swift in Sources */ = {isa = PBXBuildFile; fileRef = 8B4B22DB28A05E2D001C3E7C /* ModelData.swift */; };
		8B4B22E128A05FFF001C3E7C /* LandmarkRow.swift in Sources */ = {isa = PBXBuildFile; fileRef = 8B4B22E028A05FFF001C3E7C /* LandmarkRow.swift */; };
		8B4B22E328A0614C001C3E7C /* LandmarkList.swift in Sources */ = {isa = PBXBuildFile; fileRef = 8B4B22E228A0614B001C3E7C /* LandmarkList.swift */; };
		8B4B22E528A06231001C3E7C /* LandmarkDetail.swift in Sources */ = {isa = PBXBuildFile; fileRef = 8B4B22E428A06231001C3E7C /* LandmarkDetail.swift */; };
		8B4B22E728A076C8001C3E7C /* FavoriteButton.swift in Sources */ = {isa = PBXBuildFile; fileRef = 8B4B22E628A076C8001C3E7C /* FavoriteButton.swift */; };
		8B4B22EB28A07BDD001C3E7C /* HexagonParameters.swift in Sources */ = {isa = PBXBuildFile; fileRef = 8B4B22EA28A07BDD001C3E7C /* HexagonParameters.swift */; };
		8B4B22ED28A07CAB001C3E7C /* BadgeBackground.swift in Sources */ = {isa = PBXBuildFile; fileRef = 8B4B22EC28A07CAB001C3E7C /* BadgeBackground.swift */; };
		8B4B22EF28A08149001C3E7C /* BadgeSymbol.swift in Sources */ = {isa = PBXBuildFile; fileRef = 8B4B22EE28A08149001C3E7C /* BadgeSymbol.swift */; };
		8B4B22F128A08CF1001C3E7C /* RotatedBadgeSymbol.swift in Sources */ = {isa = PBXBuildFile; fileRef = 8B4B22F028A08CF1001C3E7C /* RotatedBadgeSymbol.swift */; };
		8B4B22F328A08D65001C3E7C /* Badge.swift in Sources */ = {isa = PBXBuildFile; fileRef = 8B4B22F228A08D65001C3E7C /* Badge.swift */; };
		8B4B22F628A0907D001C3E7C /* hikeData.json in Resources */ = {isa = PBXBuildFile; fileRef = 8B4B22F528A0907D001C3E7C /* hikeData.json */; };
		8B4B22F828A09094001C3E7C /* Hike.swift in Sources */ = {isa = PBXBuildFile; fileRef = 8B4B22F728A09094001C3E7C /* Hike.swift */; };
		8B4B230028A091E3001C3E7C /* GraphCapsule.swift in Sources */ = {isa = PBXBuildFile; fileRef = 8B4B22FC28A091E3001C3E7C /* GraphCapsule.swift */; };
		8B4B230128A091E3001C3E7C /* HikeGraph.swift in Sources */ = {isa = PBXBuildFile; fileRef = 8B4B22FD28A091E3001C3E7C /* HikeGraph.swift */; };
		8B4B230228A091E3001C3E7C /* HikeDetail.swift in Sources */ = {isa = PBXBuildFile; fileRef = 8B4B22FE28A091E3001C3E7C /* HikeDetail.swift */; };
		8B4B230328A091E3001C3E7C /* HikeView.swift in Sources */ = {isa = PBXBuildFile; fileRef = 8B4B22FF28A091E3001C3E7C /* HikeView.swift */; };
		8BA48FFF28A1CEFE00381146 /* CategoryHome.swift in Sources */ = {isa = PBXBuildFile; fileRef = 8BA48FFE28A1CEFE00381146 /* CategoryHome.swift */; };
		8BA4900128A1D18F00381146 /* CategoryRow.swift in Sources */ = {isa = PBXBuildFile; fileRef = 8BA4900028A1D18F00381146 /* CategoryRow.swift */; };
		8BA4900328A1DDD400381146 /* CategoryItem.swift in Sources */ = {isa = PBXBuildFile; fileRef = 8BA4900228A1DDD300381146 /* CategoryItem.swift */; };
/* End PBXBuildFile section */

/* Begin PBXFileReference section */
		8B4B22C228A0549B001C3E7C /* Landmarks.app */ = {isa = PBXFileReference; explicitFileType = wrapper.application; includeInIndex = 0; path = Landmarks.app; sourceTree = BUILT_PRODUCTS_DIR; };
		8B4B22C528A0549B001C3E7C /* LandmarksApp.swift */ = {isa = PBXFileReference; lastKnownFileType = sourcecode.swift; path = LandmarksApp.swift; sourceTree = "<group>"; };
		8B4B22C728A0549B001C3E7C /* ContentView.swift */ = {isa = PBXFileReference; lastKnownFileType = sourcecode.swift; path = ContentView.swift; sourceTree = "<group>"; };
		8B4B22C928A054A2001C3E7C /* Assets.xcassets */ = {isa = PBXFileReference; lastKnownFileType = folder.assetcatalog; path = Assets.xcassets; sourceTree = "<group>"; };
		8B4B22CC28A054A2001C3E7C /* Preview Assets.xcassets */ = {isa = PBXFileReference; lastKnownFileType = folder.assetcatalog; path = "Preview Assets.xcassets"; sourceTree = "<group>"; };
		8B4B22D328A057FD001C3E7C /* CircleImage.swift */ = {isa = PBXFileReference; lastKnownFileType = sourcecode.swift; path = CircleImage.swift; sourceTree = "<group>"; };
		8B4B22D528A058BA001C3E7C /* MapView.swift */ = {isa = PBXFileReference; lastKnownFileType = sourcecode.swift; path = MapView.swift; sourceTree = "<group>"; };
		8B4B22D728A05CE9001C3E7C /* landmarkData.json */ = {isa = PBXFileReference; fileEncoding = 4; lastKnownFileType = text.json; path = landmarkData.json; sourceTree = "<group>"; };
		8B4B22D928A05CFF001C3E7C /* Landmark.swift */ = {isa = PBXFileReference; lastKnownFileType = sourcecode.swift; path = Landmark.swift; sourceTree = "<group>"; };
		8B4B22DB28A05E2D001C3E7C /* ModelData.swift */ = {isa = PBXFileReference; lastKnownFileType = sourcecode.swift; path = ModelData.swift; sourceTree = "<group>"; };
		8B4B22E028A05FFF001C3E7C /* LandmarkRow.swift */ = {isa = PBXFileReference; lastKnownFileType = sourcecode.swift; path = LandmarkRow.swift; sourceTree = "<group>"; };
		8B4B22E228A0614B001C3E7C /* LandmarkList.swift */ = {isa = PBXFileReference; lastKnownFileType = sourcecode.swift; path = LandmarkList.swift; sourceTree = "<group>"; };
		8B4B22E428A06231001C3E7C /* LandmarkDetail.swift */ = {isa = PBXFileReference; lastKnownFileType = sourcecode.swift; path = LandmarkDetail.swift; sourceTree = "<group>"; };
		8B4B22E628A076C8001C3E7C /* FavoriteButton.swift */ = {isa = PBXFileReference; lastKnownFileType = sourcecode.swift; path = FavoriteButton.swift; sourceTree = "<group>"; };
		8B4B22EA28A07BDD001C3E7C /* HexagonParameters.swift */ = {isa = PBXFileReference; lastKnownFileType = sourcecode.swift; path = HexagonParameters.swift; sourceTree = "<group>"; };
		8B4B22EC28A07CAB001C3E7C /* BadgeBackground.swift */ = {isa = PBXFileReference; lastKnownFileType = sourcecode.swift; path = BadgeBackground.swift; sourceTree = "<group>"; };
		8B4B22EE28A08149001C3E7C /* BadgeSymbol.swift */ = {isa = PBXFileReference; lastKnownFileType = sourcecode.swift; path = BadgeSymbol.swift; sourceTree = "<group>"; };
		8B4B22F028A08CF1001C3E7C /* RotatedBadgeSymbol.swift */ = {isa = PBXFileReference; lastKnownFileType = sourcecode.swift; path = RotatedBadgeSymbol.swift; sourceTree = "<group>"; };
		8B4B22F228A08D65001C3E7C /* Badge.swift */ = {isa = PBXFileReference; lastKnownFileType = sourcecode.swift; path = Badge.swift; sourceTree = "<group>"; };
		8B4B22F528A0907D001C3E7C /* hikeData.json */ = {isa = PBXFileReference; fileEncoding = 4; lastKnownFileType = text.json; path = hikeData.json; sourceTree = "<group>"; };
		8B4B22F728A09094001C3E7C /* Hike.swift */ = {isa = PBXFileReference; lastKnownFileType = sourcecode.swift; path = Hike.swift; sourceTree = "<group>"; };
		8B4B22FC28A091E3001C3E7C /* GraphCapsule.swift */ = {isa = PBXFileReference; fileEncoding = 4; lastKnownFileType = sourcecode.swift; path = GraphCapsule.swift; sourceTree = "<group>"; };
		8B4B22FD28A091E3001C3E7C /* HikeGraph.swift */ = {isa = PBXFileReference; fileEncoding = 4; lastKnownFileType = sourcecode.swift; path = HikeGraph.swift; sourceTree = "<group>"; };
		8B4B22FE28A091E3001C3E7C /* HikeDetail.swift */ = {isa = PBXFileReference; fileEncoding = 4; lastKnownFileType = sourcecode.swift; path = HikeDetail.swift; sourceTree = "<group>"; };
		8B4B22FF28A091E3001C3E7C /* HikeView.swift */ = {isa = PBXFileReference; fileEncoding = 4; lastKnownFileType = sourcecode.swift; path = HikeView.swift; sourceTree = "<group>"; };
		8BA48FFE28A1CEFE00381146 /* CategoryHome.swift */ = {isa = PBXFileReference; lastKnownFileType = sourcecode.swift; path = CategoryHome.swift; sourceTree = "<group>"; };
		8BA4900028A1D18F00381146 /* CategoryRow.swift */ = {isa = PBXFileReference; lastKnownFileType = sourcecode.swift; path = CategoryRow.swift; sourceTree = "<group>"; };
		8BA4900228A1DDD300381146 /* CategoryItem.swift */ = {isa = PBXFileReference; lastKnownFileType = sourcecode.swift; path = CategoryItem.swift; sourceTree = "<group>"; };
/* End PBXFileReference section */

/* Begin PBXFrameworksBuildPhase section */
		8B4B22BF28A0549B001C3E7C /* Frameworks */ = {
			isa = PBXFrameworksBuildPhase;
			buildActionMask = 2147483647;
			files = (
			);
			runOnlyForDeploymentPostprocessing = 0;
		};
/* End PBXFrameworksBuildPhase section */

/* Begin PBXGroup section */
		8B4B22B928A0549B001C3E7C = {
			isa = PBXGroup;
			children = (
				8B4B22C428A0549B001C3E7C /* Landmarks */,
				8B4B22C328A0549B001C3E7C /* Products */,
			);
			sourceTree = "<group>";
		};
		8B4B22C328A0549B001C3E7C /* Products */ = {
			isa = PBXGroup;
			children = (
				8B4B22C228A0549B001C3E7C /* Landmarks.app */,
			);
			name = Products;
			sourceTree = "<group>";
		};
		8B4B22C428A0549B001C3E7C /* Landmarks */ = {
			isa = PBXGroup;
			children = (
				8B4B22DE28A05FAD001C3E7C /* Views */,
				8B4B22C528A0549B001C3E7C /* LandmarksApp.swift */,
				8B4B22DD28A05FA0001C3E7C /* Model */,
				8B4B22DF28A05FBB001C3E7C /* Resources */,
				8B4B22C928A054A2001C3E7C /* Assets.xcassets */,
				8B4B22CB28A054A2001C3E7C /* Preview Content */,
			);
			path = Landmarks;
			sourceTree = "<group>";
		};
		8B4B22CB28A054A2001C3E7C /* Preview Content */ = {
			isa = PBXGroup;
			children = (
				8B4B22CC28A054A2001C3E7C /* Preview Assets.xcassets */,
			);
			path = "Preview Content";
			sourceTree = "<group>";
		};
		8B4B22DD28A05FA0001C3E7C /* Model */ = {
			isa = PBXGroup;
			children = (
				8B4B22D928A05CFF001C3E7C /* Landmark.swift */,
				8B4B22DB28A05E2D001C3E7C /* ModelData.swift */,
				8B4B22F728A09094001C3E7C /* Hike.swift */,
			);
			path = Model;
			sourceTree = "<group>";
		};
		8B4B22DE28A05FAD001C3E7C /* Views */ = {
			isa = PBXGroup;
			children = (
				8B7F24FA28A1CE920059DB6F /* Category */,
				8B4B22C728A0549B001C3E7C /* ContentView.swift */,
				8B4B22E928A07769001C3E7C /* Landmarks */,
				8B4B22FB28A091E3001C3E7C /* Hikes */,
				8B4B22F428A08EA8001C3E7C /* Badges */,
				8B4B22E828A07764001C3E7C /* Helper */,
			);
			path = Views;
			sourceTree = "<group>";
		};
		8B4B22DF28A05FBB001C3E7C /* Resources */ = {
			isa = PBXGroup;
			children = (
				8B4B22F528A0907D001C3E7C /* hikeData.json */,
				8B4B22D728A05CE9001C3E7C /* landmarkData.json */,
			);
			path = Resources;
			sourceTree = "<group>";
		};
		8B4B22E828A07764001C3E7C /* Helper */ = {
			isa = PBXGroup;
			children = (
				8B4B22D528A058BA001C3E7C /* MapView.swift */,
				8B4B22D328A057FD001C3E7C /* CircleImage.swift */,
				8B4B22E628A076C8001C3E7C /* FavoriteButton.swift */,
			);
			path = Helper;
			sourceTree = "<group>";
		};
		8B4B22E928A07769001C3E7C /* Landmarks */ = {
			isa = PBXGroup;
			children = (
				8B4B22E028A05FFF001C3E7C /* LandmarkRow.swift */,
				8B4B22E228A0614B001C3E7C /* LandmarkList.swift */,
				8B4B22E428A06231001C3E7C /* LandmarkDetail.swift */,
			);
			path = Landmarks;
			sourceTree = "<group>";
		};
		8B4B22F428A08EA8001C3E7C /* Badges */ = {
			isa = PBXGroup;
			children = (
				8B4B22EA28A07BDD001C3E7C /* HexagonParameters.swift */,
				8B4B22EC28A07CAB001C3E7C /* BadgeBackground.swift */,
				8B4B22EE28A08149001C3E7C /* BadgeSymbol.swift */,
				8B4B22F028A08CF1001C3E7C /* RotatedBadgeSymbol.swift */,
				8B4B22F228A08D65001C3E7C /* Badge.swift */,
			);
			path = Badges;
			sourceTree = "<group>";
		};
		8B4B22FB28A091E3001C3E7C /* Hikes */ = {
			isa = PBXGroup;
			children = (
				8B4B22FC28A091E3001C3E7C /* GraphCapsule.swift */,
				8B4B22FD28A091E3001C3E7C /* HikeGraph.swift */,
				8B4B22FE28A091E3001C3E7C /* HikeDetail.swift */,
				8B4B22FF28A091E3001C3E7C /* HikeView.swift */,
			);
			path = Hikes;
			sourceTree = "<group>";
		};
		8B7F24FA28A1CE920059DB6F /* Category */ = {
			isa = PBXGroup;
			children = (
				8BA48FFE28A1CEFE00381146 /* CategoryHome.swift */,
				8BA4900028A1D18F00381146 /* CategoryRow.swift */,
				8BA4900228A1DDD300381146 /* CategoryItem.swift */,
			);
			path = Category;
			sourceTree = "<group>";
		};
/* End PBXGroup section */

/* Begin PBXNativeTarget section */
		8B4B22C128A0549B001C3E7C /* Landmarks */ = {
			isa = PBXNativeTarget;
			buildConfigurationList = 8B4B22D028A054A2001C3E7C /* Build configuration list for PBXNativeTarget "Landmarks" */;
			buildPhases = (
				8B4B22BE28A0549B001C3E7C /* Sources */,
				8B4B22BF28A0549B001C3E7C /* Frameworks */,
				8B4B22C028A0549B001C3E7C /* Resources */,
			);
			buildRules = (
			);
			dependencies = (
			);
			name = Landmarks;
			productName = Landmarks;
			productReference = 8B4B22C228A0549B001C3E7C /* Landmarks.app */;
			productType = "com.apple.product-type.application";
		};
/* End PBXNativeTarget section */

/* Begin PBXProject section */
		8B4B22BA28A0549B001C3E7C /* Project object */ = {
			isa = PBXProject;
			attributes = {
				BuildIndependentTargetsInParallel = 1;
				LastSwiftUpdateCheck = 1340;
				LastUpgradeCheck = 1340;
				TargetAttributes = {
					8B4B22C128A0549B001C3E7C = {
						CreatedOnToolsVersion = 13.4.1;
					};
				};
			};
			buildConfigurationList = 8B4B22BD28A0549B001C3E7C /* Build configuration list for PBXProject "Landmarks" */;
			compatibilityVersion = "Xcode 13.0";
			developmentRegion = en;
			hasScannedForEncodings = 0;
			knownRegions = (
				en,
				Base,
			);
			mainGroup = 8B4B22B928A0549B001C3E7C;
			productRefGroup = 8B4B22C328A0549B001C3E7C /* Products */;
			projectDirPath = "";
			projectRoot = "";
			targets = (
				8B4B22C128A0549B001C3E7C /* Landmarks */,
			);
		};
/* End PBXProject section */

/* Begin PBXResourcesBuildPhase section */
		8B4B22C028A0549B001C3E7C /* Resources */ = {
			isa = PBXResourcesBuildPhase;
			buildActionMask = 2147483647;
			files = (
				8B4B22F628A0907D001C3E7C /* hikeData.json in Resources */,
				8B4B22CD28A054A2001C3E7C /* Preview Assets.xcassets in Resources */,
				8B4B22CA28A054A2001C3E7C /* Assets.xcassets in Resources */,
				8B4B22D828A05CE9001C3E7C /* landmarkData.json in Resources */,
			);
			runOnlyForDeploymentPostprocessing = 0;
		};
/* End PBXResourcesBuildPhase section */

/* Begin PBXSourcesBuildPhase section */
		8B4B22BE28A0549B001C3E7C /* Sources */ = {
			isa = PBXSourcesBuildPhase;
			buildActionMask = 2147483647;
			files = (
				8BA4900128A1D18F00381146 /* CategoryRow.swift in Sources */,
				8B4B22C828A0549B001C3E7C /* ContentView.swift in Sources */,
				8BA48FFF28A1CEFE00381146 /* CategoryHome.swift in Sources */,
				8B4B230128A091E3001C3E7C /* HikeGraph.swift in Sources */,
				8B4B22F328A08D65001C3E7C /* Badge.swift in Sources */,
				8B4B22D628A058BA001C3E7C /* MapView.swift in Sources */,
				8B4B230028A091E3001C3E7C /* GraphCapsule.swift in Sources */,
				8B4B22C628A0549B001C3E7C /* LandmarksApp.swift in Sources */,
				8B4B22E728A076C8001C3E7C /* FavoriteButton.swift in Sources */,
				8BA4900328A1DDD400381146 /* CategoryItem.swift in Sources */,
				8B4B230228A091E3001C3E7C /* HikeDetail.swift in Sources */,
				8B4B22EB28A07BDD001C3E7C /* HexagonParameters.swift in Sources */,
				8B4B22F828A09094001C3E7C /* Hike.swift in Sources */,
				8B4B22F128A08CF1001C3E7C /* RotatedBadgeSymbol.swift in Sources */,
				8B4B22EF28A08149001C3E7C /* BadgeSymbol.swift in Sources */,
				8B4B22E328A0614C001C3E7C /* LandmarkList.swift in Sources */,
				8B4B230328A091E3001C3E7C /* HikeView.swift in Sources */,
				8B4B22E528A06231001C3E7C /* LandmarkDetail.swift in Sources */,
				8B4B22ED28A07CAB001C3E7C /* BadgeBackground.swift in Sources */,
				8B4B22D428A057FD001C3E7C /* CircleImage.swift in Sources */,
				8B4B22DA28A05CFF001C3E7C /* Landmark.swift in Sources */,
				8B4B22E128A05FFF001C3E7C /* LandmarkRow.swift in Sources */,
				8B4B22DC28A05E2D001C3E7C /* ModelData.swift in Sources */,
			);
			runOnlyForDeploymentPostprocessing = 0;
		};
/* End PBXSourcesBuildPhase section */

/* Begin XCBuildConfiguration section */
		8B4B22CE28A054A2001C3E7C /* Debug */ = {
			isa = XCBuildConfiguration;
			buildSettings = {
				ALWAYS_SEARCH_USER_PATHS = NO;
				CLANG_ANALYZER_NONNULL = YES;
				CLANG_ANALYZER_NUMBER_OBJECT_CONVERSION = YES_AGGRESSIVE;
				CLANG_CXX_LANGUAGE_STANDARD = "gnu++17";
				CLANG_ENABLE_MODULES = YES;
				CLANG_ENABLE_OBJC_ARC = YES;
				CLANG_ENABLE_OBJC_WEAK = YES;
				CLANG_WARN_BLOCK_CAPTURE_AUTORELEASING = YES;
				CLANG_WARN_BOOL_CONVERSION = YES;
				CLANG_WARN_COMMA = YES;
				CLANG_WARN_CONSTANT_CONVERSION = YES;
				CLANG_WARN_DEPRECATED_OBJC_IMPLEMENTATIONS = YES;
				CLANG_WARN_DIRECT_OBJC_ISA_USAGE = YES_ERROR;
				CLANG_WARN_DOCUMENTATION_COMMENTS = YES;
				CLANG_WARN_EMPTY_BODY = YES;
				CLANG_WARN_ENUM_CONVERSION = YES;
				CLANG_WARN_INFINITE_RECURSION = YES;
				CLANG_WARN_INT_CONVERSION = YES;
				CLANG_WARN_NON_LITERAL_NULL_CONVERSION = YES;
				CLANG_WARN_OBJC_IMPLICIT_RETAIN_SELF = YES;
				CLANG_WARN_OBJC_LITERAL_CONVERSION = YES;
				CLANG_WARN_OBJC_ROOT_CLASS = YES_ERROR;
				CLANG_WARN_QUOTED_INCLUDE_IN_FRAMEWORK_HEADER = YES;
				CLANG_WARN_RANGE_LOOP_ANALYSIS = YES;
				CLANG_WARN_STRICT_PROTOTYPES = YES;
				CLANG_WARN_SUSPICIOUS_MOVE = YES;
				CLANG_WARN_UNGUARDED_AVAILABILITY = YES_AGGRESSIVE;
				CLANG_WARN_UNREACHABLE_CODE = YES;
				CLANG_WARN__DUPLICATE_METHOD_MATCH = YES;
				COPY_PHASE_STRIP = NO;
				DEBUG_INFORMATION_FORMAT = dwarf;
				ENABLE_STRICT_OBJC_MSGSEND = YES;
				ENABLE_TESTABILITY = YES;
				GCC_C_LANGUAGE_STANDARD = gnu11;
				GCC_DYNAMIC_NO_PIC = NO;
				GCC_NO_COMMON_BLOCKS = YES;
				GCC_OPTIMIZATION_LEVEL = 0;
				GCC_PREPROCESSOR_DEFINITIONS = (
					"DEBUG=1",
					"$(inherited)",
				);
				GCC_WARN_64_TO_32_BIT_CONVERSION = YES;
				GCC_WARN_ABOUT_RETURN_TYPE = YES_ERROR;
				GCC_WARN_UNDECLARED_SELECTOR = YES;
				GCC_WARN_UNINITIALIZED_AUTOS = YES_AGGRESSIVE;
				GCC_WARN_UNUSED_FUNCTION = YES;
				GCC_WARN_UNUSED_VARIABLE = YES;
				IPHONEOS_DEPLOYMENT_TARGET = 15.5;
				MTL_ENABLE_DEBUG_INFO = INCLUDE_SOURCE;
				MTL_FAST_MATH = YES;
				ONLY_ACTIVE_ARCH = YES;
				SDKROOT = iphoneos;
				SWIFT_ACTIVE_COMPILATION_CONDITIONS = DEBUG;
				SWIFT_OPTIMIZATION_LEVEL = "-Onone";
			};
			name = Debug;
		};
		8B4B22CF28A054A2001C3E7C /* Release */ = {
			isa = XCBuildConfiguration;
			buildSettings = {
				ALWAYS_SEARCH_USER_PATHS = NO;
				CLANG_ANALYZER_NONNULL = YES;
				CLANG_ANALYZER_NUMBER_OBJECT_CONVERSION = YES_AGGRESSIVE;
				CLANG_CXX_LANGUAGE_STANDARD = "gnu++17";
				CLANG_ENABLE_MODULES = YES;
				CLANG_ENABLE_OBJC_ARC = YES;
				CLANG_ENABLE_OBJC_WEAK = YES;
				CLANG_WARN_BLOCK_CAPTURE_AUTORELEASING = YES;
				CLANG_WARN_BOOL_CONVERSION = YES;
				CLANG_WARN_COMMA = YES;
				CLANG_WARN_CONSTANT_CONVERSION = YES;
				CLANG_WARN_DEPRECATED_OBJC_IMPLEMENTATIONS = YES;
				CLANG_WARN_DIRECT_OBJC_ISA_USAGE = YES_ERROR;
				CLANG_WARN_DOCUMENTATION_COMMENTS = YES;
				CLANG_WARN_EMPTY_BODY = YES;
				CLANG_WARN_ENUM_CONVERSION = YES;
				CLANG_WARN_INFINITE_RECURSION = YES;
				CLANG_WARN_INT_CONVERSION = YES;
				CLANG_WARN_NON_LITERAL_NULL_CONVERSION = YES;
				CLANG_WARN_OBJC_IMPLICIT_RETAIN_SELF = YES;
				CLANG_WARN_OBJC_LITERAL_CONVERSION = YES;
				CLANG_WARN_OBJC_ROOT_CLASS = YES_ERROR;
				CLANG_WARN_QUOTED_INCLUDE_IN_FRAMEWORK_HEADER = YES;
				CLANG_WARN_RANGE_LOOP_ANALYSIS = YES;
				CLANG_WARN_STRICT_PROTOTYPES = YES;
				CLANG_WARN_SUSPICIOUS_MOVE = YES;
				CLANG_WARN_UNGUARDED_AVAILABILITY = YES_AGGRESSIVE;
				CLANG_WARN_UNREACHABLE_CODE = YES;
				CLANG_WARN__DUPLICATE_METHOD_MATCH = YES;
				COPY_PHASE_STRIP = NO;
				DEBUG_INFORMATION_FORMAT = "dwarf-with-dsym";
				ENABLE_NS_ASSERTIONS = NO;
				ENABLE_STRICT_OBJC_MSGSEND = YES;
				GCC_C_LANGUAGE_STANDARD = gnu11;
				GCC_NO_COMMON_BLOCKS = YES;
				GCC_WARN_64_TO_32_BIT_CONVERSION = YES;
				GCC_WARN_ABOUT_RETURN_TYPE = YES_ERROR;
				GCC_WARN_UNDECLARED_SELECTOR = YES;
				GCC_WARN_UNINITIALIZED_AUTOS = YES_AGGRESSIVE;
				GCC_WARN_UNUSED_FUNCTION = YES;
				GCC_WARN_UNUSED_VARIABLE = YES;
				IPHONEOS_DEPLOYMENT_TARGET = 15.5;
				MTL_ENABLE_DEBUG_INFO = NO;
				MTL_FAST_MATH = YES;
				SDKROOT = iphoneos;
				SWIFT_COMPILATION_MODE = wholemodule;
				SWIFT_OPTIMIZATION_LEVEL = "-O";
				VALIDATE_PRODUCT = YES;
			};
			name = Release;
		};
		8B4B22D128A054A2001C3E7C /* Debug */ = {
			isa = XCBuildConfiguration;
			buildSettings = {
				ASSETCATALOG_COMPILER_APPICON_NAME = AppIcon;
				ASSETCATALOG_COMPILER_GLOBAL_ACCENT_COLOR_NAME = AccentColor;
				CODE_SIGN_STYLE = Automatic;
				CURRENT_PROJECT_VERSION = 1;
				DEVELOPMENT_ASSET_PATHS = "\"Landmarks/Preview Content\"";
				DEVELOPMENT_TEAM = 7344G4M3BL;
				ENABLE_PREVIEWS = YES;
				GENERATE_INFOPLIST_FILE = YES;
				INFOPLIST_KEY_UIApplicationSceneManifest_Generation = YES;
				INFOPLIST_KEY_UIApplicationSupportsIndirectInputEvents = YES;
				INFOPLIST_KEY_UILaunchScreen_Generation = YES;
				INFOPLIST_KEY_UISupportedInterfaceOrientations_iPad = "UIInterfaceOrientationPortrait UIInterfaceOrientationPortraitUpsideDown UIInterfaceOrientationLandscapeLeft UIInterfaceOrientationLandscapeRight";
				INFOPLIST_KEY_UISupportedInterfaceOrientations_iPhone = "UIInterfaceOrientationPortrait UIInterfaceOrientationLandscapeLeft UIInterfaceOrientationLandscapeRight";
				LD_RUNPATH_SEARCH_PATHS = (
					"$(inherited)",
					"@executable_path/Frameworks",
				);
				MARKETING_VERSION = 1.0;
				PRODUCT_BUNDLE_IDENTIFIER = com.trotos.Landmarks;
				PRODUCT_NAME = "$(TARGET_NAME)";
				SWIFT_EMIT_LOC_STRINGS = YES;
				SWIFT_VERSION = 5.0;
				TARGETED_DEVICE_FAMILY = "1,2";
			};
			name = Debug;
		};
		8B4B22D228A054A2001C3E7C /* Release */ = {
			isa = XCBuildConfiguration;
			buildSettings = {
				ASSETCATALOG_COMPILER_APPICON_NAME = AppIcon;
				ASSETCATALOG_COMPILER_GLOBAL_ACCENT_COLOR_NAME = AccentColor;
				CODE_SIGN_STYLE = Automatic;
				CURRENT_PROJECT_VERSION = 1;
				DEVELOPMENT_ASSET_PATHS = "\"Landmarks/Preview Content\"";
				DEVELOPMENT_TEAM = 7344G4M3BL;
				ENABLE_PREVIEWS = YES;
				GENERATE_INFOPLIST_FILE = YES;
				INFOPLIST_KEY_UIApplicationSceneManifest_Generation = YES;
				INFOPLIST_KEY_UIApplicationSupportsIndirectInputEvents = YES;
				INFOPLIST_KEY_UILaunchScreen_Generation = YES;
				INFOPLIST_KEY_UISupportedInterfaceOrientations_iPad = "UIInterfaceOrientationPortrait UIInterfaceOrientationPortraitUpsideDown UIInterfaceOrientationLandscapeLeft UIInterfaceOrientationLandscapeRight";
				INFOPLIST_KEY_UISupportedInterfaceOrientations_iPhone = "UIInterfaceOrientationPortrait UIInterfaceOrientationLandscapeLeft UIInterfaceOrientationLandscapeRight";
				LD_RUNPATH_SEARCH_PATHS = (
					"$(inherited)",
					"@executable_path/Frameworks",
				);
				MARKETING_VERSION = 1.0;
				PRODUCT_BUNDLE_IDENTIFIER = com.trotos.Landmarks;
				PRODUCT_NAME = "$(TARGET_NAME)";
				SWIFT_EMIT_LOC_STRINGS = YES;
				SWIFT_VERSION = 5.0;
				TARGETED_DEVICE_FAMILY = "1,2";
			};
			name = Release;
		};
/* End XCBuildConfiguration section */

/* Begin XCConfigurationList section */
		8B4B22BD28A0549B001C3E7C /* Build configuration list for PBXProject "Landmarks" */ = {
			isa = XCConfigurationList;
			buildConfigurations = (
				8B4B22CE28A054A2001C3E7C /* Debug */,
				8B4B22CF28A054A2001C3E7C /* Release */,
			);
			defaultConfigurationIsVisible = 0;
			defaultConfigurationName = Release;
		};
		8B4B22D028A054A2001C3E7C /* Build configuration list for PBXNativeTarget "Landmarks" */ = {
			isa = XCConfigurationList;
			buildConfigurations = (
				8B4B22D128A054A2001C3E7C /* Debug */,
				8B4B22D228A054A2001C3E7C /* Release */,
			);
			defaultConfigurationIsVisible = 0;
			defaultConfigurationName = Release;
		};
/* End XCConfigurationList section */
	};
	rootObject = 8B4B22BA28A0549B001C3E7C /* Project object */;
}
